
Microsoft Visual Studio Solution File, Format Version 12.00
# Visual Studio 14
VisualStudioVersion = 14.0.23107.0
MinimumVisualStudioVersion = 10.0.40219.1
Project("{E24C65DC-7377-472B-9ABA-BC803B73C61A}") = "IIO13200-OHJELMOINTIKOE", "..\", "{A847920F-12D7-44B4-AF77-B927D9D34407}"
	ProjectSection(WebsiteProperties) = preProject
		TargetFrameworkMoniker = ".NETFramework,Version%3Dv4.5"
		Debug.AspNetCompiler.VirtualPath = "/localhost_1542"
		Debug.AspNetCompiler.PhysicalPath = "..\..\IIO13200-OHJELMOINTIKOE\"
		Debug.AspNetCompiler.TargetPath = "PrecompiledWeb\localhost_1542\"
		Debug.AspNetCompiler.Updateable = "true"
		Debug.AspNetCompiler.ForceOverwrite = "true"
		Debug.AspNetCompiler.FixedNames = "false"
		Debug.AspNetCompiler.Debug = "True"
		Release.AspNetCompiler.VirtualPath = "/localhost_1542"
		Release.AspNetCompiler.PhysicalPath = "..\..\IIO13200-OHJELMOINTIKOE\"
		Release.AspNetCompiler.TargetPath = "PrecompiledWeb\localhost_1542\"
		Release.AspNetCompiler.Updateable = "true"
		Release.AspNetCompiler.ForceOverwrite = "true"
		Release.AspNetCompiler.FixedNames = "false"
		Release.AspNetCompiler.Debug = "False"
		VWDPort = "1542"
		SlnRelativePath = "..\..\IIO13200-OHJELMOINTIKOE\"
	EndProjectSection
EndProject
Project("{FAE04EC0-301F-11D3-BF4B-00C04F79EFBC}") = "H3340_T1b", "H3340_T1b\H3340_T1b.csproj", "{15DE9C83-C30F-45F4-8C8A-0BAC289FE3AA}"
EndProject
Global
	GlobalSection(SolutionConfigurationPlatforms) = preSolution
		Debug|Any CPU = Debug|Any CPU
		Release|Any CPU = Release|Any CPU
	EndGlobalSection
	GlobalSection(ProjectConfigurationPlatforms) = postSolution
		{A847920F-12D7-44B4-AF77-B927D9D34407}.Debug|Any CPU.ActiveCfg = Debug|Any CPU
		{A847920F-12D7-44B4-AF77-B927D9D34407}.Debug|Any CPU.Build.0 = Debug|Any CPU
		{A847920F-12D7-44B4-AF77-B927D9D34407}.Release|Any CPU.ActiveCfg = Debug|Any CPU
		{A847920F-12D7-44B4-AF77-B927D9D34407}.Release|Any CPU.Build.0 = Debug|Any CPU
		{15DE9C83-C30F-45F4-8C8A-0BAC289FE3AA}.Debug|Any CPU.ActiveCfg = Debug|Any CPU
		{15DE9C83-C30F-45F4-8C8A-0BAC289FE3AA}.Debug|Any CPU.Build.0 = Debug|Any CPU
		{15DE9C83-C30F-45F4-8C8A-0BAC289FE3AA}.Release|Any CPU.ActiveCfg = Release|Any CPU
		{15DE9C83-C30F-45F4-8C8A-0BAC289FE3AA}.Release|Any CPU.Build.0 = Release|Any CPU
	EndGlobalSection
	GlobalSection(SolutionProperties) = preSolution
		HideSolutionNode = FALSE
	EndGlobalSection
EndGlobal
